
Microsoft Visual Studio Solution File, Format Version 12.00
# Visual Studio Version 17
VisualStudioVersion = 17.8.34322.80
MinimumVisualStudioVersion = 10.0.40219.1
Project("{9A19103F-16F7-4668-BE54-9A1E7A4F7556}") = "server", "server.csproj", "{DC81CF74-F0C2-4F25-81DF-6B872971B9C2}"
EndProject
Project("{9A19103F-16F7-4668-BE54-9A1E7A4F7556}") = "Data", "..\Models\Data.csproj", "{7D0EF873-4F68-470A-B179-BBB8A0483D05}"
EndProject
Project("{FAE04EC0-301F-11D3-BF4B-00C04F79EFBC}") = "UnitTests", "..\UnitTests\UnitTests.csproj", "{0BED89C8-00E1-4615-AF36-B9060E99CBA8}"
EndProject
Global
	GlobalSection(SolutionConfigurationPlatforms) = preSolution
		Debug|Any CPU = Debug|Any CPU
		Release|Any CPU = Release|Any CPU
	EndGlobalSection
	GlobalSection(ProjectConfigurationPlatforms) = postSolution
		{DC81CF74-F0C2-4F25-81DF-6B872971B9C2}.Debug|Any CPU.ActiveCfg = Debug|Any CPU
		{DC81CF74-F0C2-4F25-81DF-6B872971B9C2}.Debug|Any CPU.Build.0 = Debug|Any CPU
		{DC81CF74-F0C2-4F25-81DF-6B872971B9C2}.Release|Any CPU.ActiveCfg = Release|Any CPU
		{DC81CF74-F0C2-4F25-81DF-6B872971B9C2}.Release|Any CPU.Build.0 = Release|Any CPU
		{7D0EF873-4F68-470A-B179-BBB8A0483D05}.Debug|Any CPU.ActiveCfg = Debug|Any CPU
		{7D0EF873-4F68-470A-B179-BBB8A0483D05}.Debug|Any CPU.Build.0 = Debug|Any CPU
		{7D0EF873-4F68-470A-B179-BBB8A0483D05}.Release|Any CPU.ActiveCfg = Release|Any CPU
		{7D0EF873-4F68-470A-B179-BBB8A0483D05}.Release|Any CPU.Build.0 = Release|Any CPU
		{0BED89C8-00E1-4615-AF36-B9060E99CBA8}.Debug|Any CPU.ActiveCfg = Debug|Any CPU
		{0BED89C8-00E1-4615-AF36-B9060E99CBA8}.Debug|Any CPU.Build.0 = Debug|Any CPU
		{0BED89C8-00E1-4615-AF36-B9060E99CBA8}.Release|Any CPU.ActiveCfg = Release|Any CPU
		{0BED89C8-00E1-4615-AF36-B9060E99CBA8}.Release|Any CPU.Build.0 = Release|Any CPU
	EndGlobalSection
	GlobalSection(SolutionProperties) = preSolution
		HideSolutionNode = FALSE
	EndGlobalSection
	GlobalSection(ExtensibilityGlobals) = postSolution
		SolutionGuid = {F803115F-F54E-4299-B7B2-5EF9C85DF3F1}
	EndGlobalSection
EndGlobal
